
Microsoft Visual Studio Solution File, Format Version 12.00
# Visual Studio Version 17
VisualStudioVersion = 17.4.33122.133
MinimumVisualStudioVersion = 10.0.40219.1
Project("{9A19103F-16F7-4668-BE54-9A1E7A4F7556}") = "FootballHelper.Logic", "FootballHelper.Logic.csproj", "{94EAF25F-A4D6-47E5-B99A-0202E335A702}"
EndProject
Project("{9A19103F-16F7-4668-BE54-9A1E7A4F7556}") = "FootballHelper.WPF", "..\FootballHelper.WPF\FootballHelper.WPF.csproj", "{BCE2DF10-A5EC-4889-9B61-D64B450C75F7}"
EndProject
Project("{9A19103F-16F7-4668-BE54-9A1E7A4F7556}") = "FootballHelper.DataBase", "..\FootballHelper.DataBase\FootballHelper.DataBase.csproj", "{687FC9EB-5377-4E27-A011-F19396C672D3}"
EndProject
Project("{9A19103F-16F7-4668-BE54-9A1E7A4F7556}") = "FootballHelper.GeneratorDataBase", "..\FootballHelper.GeneratorDataBase\FootballHelper.GeneratorDataBase.csproj", "{7E404240-86FF-41C5-B00B-D68F8EBA4123}"
EndProject
Project("{FAE04EC0-301F-11D3-BF4B-00C04F79EFBC}") = "FootballHelper.Tests", "..\FootballHelper.Tests\FootballHelper.Tests.csproj", "{D6944845-B9CF-4EC0-9BBF-7F3D91F07400}"
EndProject
Global
	GlobalSection(SolutionConfigurationPlatforms) = preSolution
		Debug|Any CPU = Debug|Any CPU
		Release|Any CPU = Release|Any CPU
	EndGlobalSection
	GlobalSection(ProjectConfigurationPlatforms) = postSolution
		{94EAF25F-A4D6-47E5-B99A-0202E335A702}.Debug|Any CPU.ActiveCfg = Debug|Any CPU
		{94EAF25F-A4D6-47E5-B99A-0202E335A702}.Debug|Any CPU.Build.0 = Debug|Any CPU
		{94EAF25F-A4D6-47E5-B99A-0202E335A702}.Release|Any CPU.ActiveCfg = Release|Any CPU
		{94EAF25F-A4D6-47E5-B99A-0202E335A702}.Release|Any CPU.Build.0 = Release|Any CPU
		{BCE2DF10-A5EC-4889-9B61-D64B450C75F7}.Debug|Any CPU.ActiveCfg = Debug|Any CPU
		{BCE2DF10-A5EC-4889-9B61-D64B450C75F7}.Debug|Any CPU.Build.0 = Debug|Any CPU
		{BCE2DF10-A5EC-4889-9B61-D64B450C75F7}.Release|Any CPU.ActiveCfg = Release|Any CPU
		{BCE2DF10-A5EC-4889-9B61-D64B450C75F7}.Release|Any CPU.Build.0 = Release|Any CPU
		{687FC9EB-5377-4E27-A011-F19396C672D3}.Debug|Any CPU.ActiveCfg = Debug|Any CPU
		{687FC9EB-5377-4E27-A011-F19396C672D3}.Debug|Any CPU.Build.0 = Debug|Any CPU
		{687FC9EB-5377-4E27-A011-F19396C672D3}.Release|Any CPU.ActiveCfg = Release|Any CPU
		{687FC9EB-5377-4E27-A011-F19396C672D3}.Release|Any CPU.Build.0 = Release|Any CPU
		{7E404240-86FF-41C5-B00B-D68F8EBA4123}.Debug|Any CPU.ActiveCfg = Debug|Any CPU
		{7E404240-86FF-41C5-B00B-D68F8EBA4123}.Debug|Any CPU.Build.0 = Debug|Any CPU
		{7E404240-86FF-41C5-B00B-D68F8EBA4123}.Release|Any CPU.ActiveCfg = Release|Any CPU
		{7E404240-86FF-41C5-B00B-D68F8EBA4123}.Release|Any CPU.Build.0 = Release|Any CPU
		{D6944845-B9CF-4EC0-9BBF-7F3D91F07400}.Debug|Any CPU.ActiveCfg = Debug|Any CPU
		{D6944845-B9CF-4EC0-9BBF-7F3D91F07400}.Debug|Any CPU.Build.0 = Debug|Any CPU
		{D6944845-B9CF-4EC0-9BBF-7F3D91F07400}.Release|Any CPU.ActiveCfg = Release|Any CPU
		{D6944845-B9CF-4EC0-9BBF-7F3D91F07400}.Release|Any CPU.Build.0 = Release|Any CPU
	EndGlobalSection
	GlobalSection(SolutionProperties) = preSolution
		HideSolutionNode = FALSE
	EndGlobalSection
	GlobalSection(ExtensibilityGlobals) = postSolution
		SolutionGuid = {AE03D41D-AFAA-4DBB-B7C7-791D90783EFD}
	EndGlobalSection
EndGlobal
